
Microsoft Visual Studio Solution File, Format Version 12.00
# Visual Studio Version 16
VisualStudioVersion = 16.0.808.7
MinimumVisualStudioVersion = 10.0.40219.1
Project("{FAE04EC0-301F-11D3-BF4B-00C04F79EFBC}") = "Stopwatch", "Stopwatch\Stopwatch.csproj", "{07240668-3871-4BC5-8928-90776CE3E272}"
EndProject
Global
	GlobalSection(SolutionConfigurationPlatforms) = preSolution
		Debug|Any CPU = Debug|Any CPU
		Release|Any CPU = Release|Any CPU
	EndGlobalSection
	GlobalSection(ProjectConfigurationPlatforms) = postSolution
		{07240668-3871-4BC5-8928-90776CE3E272}.Debug|Any CPU.ActiveCfg = Debug|Any CPU
		{07240668-3871-4BC5-8928-90776CE3E272}.Debug|Any CPU.Build.0 = Debug|Any CPU
		{07240668-3871-4BC5-8928-90776CE3E272}.Release|Any CPU.ActiveCfg = Release|Any CPU
		{07240668-3871-4BC5-8928-90776CE3E272}.Release|Any CPU.Build.0 = Release|Any CPU
	EndGlobalSection
	GlobalSection(SolutionProperties) = preSolution
		HideSolutionNode = FALSE
	EndGlobalSection
	GlobalSection(ExtensibilityGlobals) = postSolution
		SolutionGuid = {A7FAE6C5-0958-43F7-9366-0FA67BD57425}
	EndGlobalSection
EndGlobal
